
Microsoft Visual Studio Solution File, Format Version 11.00
# Visual Studio 2010
Project("{8BC9CEB8-8B4A-11D0-8D11-00A0C91BC942}") = "BladesDL", "BladesDL\BladesDL.vcxproj", "{F46861CA-C424-4E96-8B84-A8FC50DD272B}"
EndProject
Global
	GlobalSection(SolutionConfigurationPlatforms) = preSolution
		Release_LTCG|x86 = Release_LTCG|x86
		Release_LTCG|Xbox 360 = Release_LTCG|Xbox 360
	EndGlobalSection
	GlobalSection(ProjectConfigurationPlatforms) = postSolution
		{F46861CA-C424-4E96-8B84-A8FC50DD272B}.Release_LTCG|x86.ActiveCfg = Release_LTCG|Xbox 360
		{F46861CA-C424-4E96-8B84-A8FC50DD272B}.Release_LTCG|x86.Build.0 = Release_LTCG|Xbox 360
		{F46861CA-C424-4E96-8B84-A8FC50DD272B}.Release_LTCG|Xbox 360.ActiveCfg = Release_LTCG|Xbox 360
		{F46861CA-C424-4E96-8B84-A8FC50DD272B}.Release_LTCG|Xbox 360.Build.0 = Release_LTCG|Xbox 360
	EndGlobalSection
	GlobalSection(SolutionProperties) = preSolution
		HideSolutionNode = FALSE
	EndGlobalSection
	GlobalSection(ExtensibilityGlobals) = postSolution
		SolutionGuid = {102846FF-7C4D-4435-8CEA-1268CE69DF92}
	EndGlobalSection
EndGlobal
